// !$*UTF8*$!
{
	archiveVersion = 1;
	classes = {
	};
	objectVersion = 77;
	objects = {

/* Begin PBXBuildFile section */
		AFCA0A6B2D34211F006E5F4C /* AnimationsListView.swift in Sources */ = {isa = PBXBuildFile; fileRef = AFCA0A662D34211F006E5F4C /* AnimationsListView.swift */; };
		AFCA0A6C2D34211F006E5F4C /* LottieAnimationsList_Project_App.swift in Sources */ = {isa = PBXBuildFile; fileRef = AFCA0A692D34211F006E5F4C /* LottieAnimationsList_Project_App.swift */; };
		AFCA0A6D2D34211F006E5F4C /* Preview Assets.xcassets in Resources */ = {isa = PBXBuildFile; fileRef = AFCA0A642D34211F006E5F4C /* Preview Assets.xcassets */; };
		AFCA0A6E2D34211F006E5F4C /* Assets.xcassets in Resources */ = {isa = PBXBuildFile; fileRef = AFCA0A682D34211F006E5F4C /* Assets.xcassets */; };
		AFCA0A712D342278006E5F4C /* Lottie in Frameworks */ = {isa = PBXBuildFile; productRef = AFCA0A702D342278006E5F4C /* Lottie */; };
		AFCA0A732D3422B7006E5F4C /* LottieView.swift in Sources */ = {isa = PBXBuildFile; fileRef = AFCA0A722D3422B7006E5F4C /* LottieView.swift */; };
		AFCEE8B52D3424E6000C06AF /* Animation - 1736699146740.json in Resources */ = {isa = PBXBuildFile; fileRef = AFCEE8B42D3424E6000C06AF /* Animation - 1736699146740.json */; };
		AFCEE8B72D342525000C06AF /* Animation - 1715097026144.json in Resources */ = {isa = PBXBuildFile; fileRef = AFCEE8B62D342525000C06AF /* Animation - 1715097026144.json */; };
/* End PBXBuildFile section */

/* Begin PBXFileReference section */
		AFCA0A3A2D34209D006E5F4C /* LottieAnimationsList(Project).app */ = {isa = PBXFileReference; explicitFileType = wrapper.application; includeInIndex = 0; path = "LottieAnimationsList(Project).app"; sourceTree = BUILT_PRODUCTS_DIR; };
		AFCA0A642D34211F006E5F4C /* Preview Assets.xcassets */ = {isa = PBXFileReference; lastKnownFileType = folder.assetcatalog; path = "Preview Assets.xcassets"; sourceTree = "<group>"; };
		AFCA0A662D34211F006E5F4C /* AnimationsListView.swift */ = {isa = PBXFileReference; lastKnownFileType = sourcecode.swift; path = AnimationsListView.swift; sourceTree = "<group>"; };
		AFCA0A682D34211F006E5F4C /* Assets.xcassets */ = {isa = PBXFileReference; lastKnownFileType = folder.assetcatalog; path = Assets.xcassets; sourceTree = "<group>"; };
		AFCA0A692D34211F006E5F4C /* LottieAnimationsList_Project_App.swift */ = {isa = PBXFileReference; lastKnownFileType = sourcecode.swift; path = LottieAnimationsList_Project_App.swift; sourceTree = "<group>"; };
		AFCA0A722D3422B7006E5F4C /* LottieView.swift */ = {isa = PBXFileReference; lastKnownFileType = sourcecode.swift; path = LottieView.swift; sourceTree = "<group>"; };
		AFCEE8B42D3424E6000C06AF /* Animation - 1736699146740.json */ = {isa = PBXFileReference; lastKnownFileType = text.json; path = "Animation - 1736699146740.json"; sourceTree = "<group>"; };
		AFCEE8B62D342525000C06AF /* Animation - 1715097026144.json */ = {isa = PBXFileReference; lastKnownFileType = text.json; path = "Animation - 1715097026144.json"; sourceTree = "<group>"; };
/* End PBXFileReference section */

/* Begin PBXFrameworksBuildPhase section */
		AFCA0A372D34209D006E5F4C /* Frameworks */ = {
			isa = PBXFrameworksBuildPhase;
			buildActionMask = 2147483647;
			files = (
				AFCA0A712D342278006E5F4C /* Lottie in Frameworks */,
			);
			runOnlyForDeploymentPostprocessing = 0;
		};
/* End PBXFrameworksBuildPhase section */

/* Begin PBXGroup section */
		AFCA0A312D34209D006E5F4C = {
			isa = PBXGroup;
			children = (
				AFCA0A6A2D34211F006E5F4C /* LottieAnimationsList(Project) */,
				AFCA0A3B2D34209D006E5F4C /* Products */,
			);
			sourceTree = "<group>";
		};
		AFCA0A3B2D34209D006E5F4C /* Products */ = {
			isa = PBXGroup;
			children = (
				AFCA0A3A2D34209D006E5F4C /* LottieAnimationsList(Project).app */,
			);
			name = Products;
			sourceTree = "<group>";
		};
		AFCA0A632D34211F006E5F4C /* Model */ = {
			isa = PBXGroup;
			children = (
			);
			path = Model;
			sourceTree = "<group>";
		};
		AFCA0A652D34211F006E5F4C /* Preview Content */ = {
			isa = PBXGroup;
			children = (
				AFCA0A642D34211F006E5F4C /* Preview Assets.xcassets */,
			);
			path = "Preview Content";
			sourceTree = "<group>";
		};
		AFCA0A672D34211F006E5F4C /* Views */ = {
			isa = PBXGroup;
			children = (
				AFCA0A662D34211F006E5F4C /* AnimationsListView.swift */,
				AFCA0A722D3422B7006E5F4C /* LottieView.swift */,
			);
			path = Views;
			sourceTree = "<group>";
		};
		AFCA0A6A2D34211F006E5F4C /* LottieAnimationsList(Project) */ = {
			isa = PBXGroup;
			children = (
				AFCA0A692D34211F006E5F4C /* LottieAnimationsList_Project_App.swift */,
				AFCEE8B32D3424CC000C06AF /* Animations */,
				AFCA0A672D34211F006E5F4C /* Views */,
				AFCA0A632D34211F006E5F4C /* Model */,
				AFCA0A652D34211F006E5F4C /* Preview Content */,
				AFCA0A682D34211F006E5F4C /* Assets.xcassets */,
			);
			path = "LottieAnimationsList(Project)";
			sourceTree = "<group>";
		};
		AFCEE8B32D3424CC000C06AF /* Animations */ = {
			isa = PBXGroup;
			children = (
				AFCEE8B62D342525000C06AF /* Animation - 1715097026144.json */,
				AFCEE8B42D3424E6000C06AF /* Animation - 1736699146740.json */,
			);
			path = Animations;
			sourceTree = "<group>";
		};
/* End PBXGroup section */

/* Begin PBXNativeTarget section */
		AFCA0A392D34209D006E5F4C /* LottieAnimationsList(Project) */ = {
			isa = PBXNativeTarget;
			buildConfigurationList = AFCA0A482D3420A1006E5F4C /* Build configuration list for PBXNativeTarget "LottieAnimationsList(Project)" */;
			buildPhases = (
				AFCA0A362D34209D006E5F4C /* Sources */,
				AFCA0A372D34209D006E5F4C /* Frameworks */,
				AFCA0A382D34209D006E5F4C /* Resources */,
			);
			buildRules = (
			);
			dependencies = (
			);
			name = "LottieAnimationsList(Project)";
			packageProductDependencies = (
				AFCA0A702D342278006E5F4C /* Lottie */,
			);
			productName = "LottieAnimationsList(Project)";
			productReference = AFCA0A3A2D34209D006E5F4C /* LottieAnimationsList(Project).app */;
			productType = "com.apple.product-type.application";
		};
/* End PBXNativeTarget section */

/* Begin PBXProject section */
		AFCA0A322D34209D006E5F4C /* Project object */ = {
			isa = PBXProject;
			attributes = {
				BuildIndependentTargetsInParallel = 1;
				LastSwiftUpdateCheck = 1600;
				LastUpgradeCheck = 1600;
				TargetAttributes = {
					AFCA0A392D34209D006E5F4C = {
						CreatedOnToolsVersion = 16.0;
					};
				};
			};
			buildConfigurationList = AFCA0A352D34209D006E5F4C /* Build configuration list for PBXProject "LottieAnimationsList(Project)" */;
			developmentRegion = en;
			hasScannedForEncodings = 0;
			knownRegions = (
				en,
				Base,
			);
			mainGroup = AFCA0A312D34209D006E5F4C;
			minimizedProjectReferenceProxies = 1;
			packageReferences = (
				AFCA0A6F2D342278006E5F4C /* XCRemoteSwiftPackageReference "lottie-ios" */,
			);
			preferredProjectObjectVersion = 77;
			productRefGroup = AFCA0A3B2D34209D006E5F4C /* Products */;
			projectDirPath = "";
			projectRoot = "";
			targets = (
				AFCA0A392D34209D006E5F4C /* LottieAnimationsList(Project) */,
			);
		};
/* End PBXProject section */

/* Begin PBXResourcesBuildPhase section */
		AFCA0A382D34209D006E5F4C /* Resources */ = {
			isa = PBXResourcesBuildPhase;
			buildActionMask = 2147483647;
			files = (
				AFCA0A6D2D34211F006E5F4C /* Preview Assets.xcassets in Resources */,
				AFCEE8B52D3424E6000C06AF /* Animation - 1736699146740.json in Resources */,
				AFCEE8B72D342525000C06AF /* Animation - 1715097026144.json in Resources */,
				AFCA0A6E2D34211F006E5F4C /* Assets.xcassets in Resources */,
			);
			runOnlyForDeploymentPostprocessing = 0;
		};
/* End PBXResourcesBuildPhase section */

/* Begin PBXSourcesBuildPhase section */
		AFCA0A362D34209D006E5F4C /* Sources */ = {
			isa = PBXSourcesBuildPhase;
			buildActionMask = 2147483647;
			files = (
				AFCA0A6B2D34211F006E5F4C /* AnimationsListView.swift in Sources */,
				AFCA0A732D3422B7006E5F4C /* LottieView.swift in Sources */,
				AFCA0A6C2D34211F006E5F4C /* LottieAnimationsList_Project_App.swift in Sources */,
			);
			runOnlyForDeploymentPostprocessing = 0;
		};
/* End PBXSourcesBuildPhase section */

/* Begin XCBuildConfiguration section */
		AFCA0A462D3420A1006E5F4C /* Debug */ = {
			isa = XCBuildConfiguration;
			buildSettings = {
				ALWAYS_SEARCH_USER_PATHS = NO;
				ASSETCATALOG_COMPILER_GENERATE_SWIFT_ASSET_SYMBOL_EXTENSIONS = YES;
				CLANG_ANALYZER_NONNULL = YES;
				CLANG_ANALYZER_NUMBER_OBJECT_CONVERSION = YES_AGGRESSIVE;
				CLANG_CXX_LANGUAGE_STANDARD = "gnu++20";
				CLANG_ENABLE_MODULES = YES;
				CLANG_ENABLE_OBJC_ARC = YES;
				CLANG_ENABLE_OBJC_WEAK = YES;
				CLANG_WARN_BLOCK_CAPTURE_AUTORELEASING = YES;
				CLANG_WARN_BOOL_CONVERSION = YES;
				CLANG_WARN_COMMA = YES;
				CLANG_WARN_CONSTANT_CONVERSION = YES;
				CLANG_WARN_DEPRECATED_OBJC_IMPLEMENTATIONS = YES;
				CLANG_WARN_DIRECT_OBJC_ISA_USAGE = YES_ERROR;
				CLANG_WARN_DOCUMENTATION_COMMENTS = YES;
				CLANG_WARN_EMPTY_BODY = YES;
				CLANG_WARN_ENUM_CONVERSION = YES;
				CLANG_WARN_INFINITE_RECURSION = YES;
				CLANG_WARN_INT_CONVERSION = YES;
				CLANG_WARN_NON_LITERAL_NULL_CONVERSION = YES;
				CLANG_WARN_OBJC_IMPLICIT_RETAIN_SELF = YES;
				CLANG_WARN_OBJC_LITERAL_CONVERSION = YES;
				CLANG_WARN_OBJC_ROOT_CLASS = YES_ERROR;
				CLANG_WARN_QUOTED_INCLUDE_IN_FRAMEWORK_HEADER = YES;
				CLANG_WARN_RANGE_LOOP_ANALYSIS = YES;
				CLANG_WARN_STRICT_PROTOTYPES = YES;
				CLANG_WARN_SUSPICIOUS_MOVE = YES;
				CLANG_WARN_UNGUARDED_AVAILABILITY = YES_AGGRESSIVE;
				CLANG_WARN_UNREACHABLE_CODE = YES;
				CLANG_WARN__DUPLICATE_METHOD_MATCH = YES;
				COPY_PHASE_STRIP = NO;
				DEBUG_INFORMATION_FORMAT = dwarf;
				ENABLE_STRICT_OBJC_MSGSEND = YES;
				ENABLE_TESTABILITY = YES;
				ENABLE_USER_SCRIPT_SANDBOXING = YES;
				GCC_C_LANGUAGE_STANDARD = gnu17;
				GCC_DYNAMIC_NO_PIC = NO;
				GCC_NO_COMMON_BLOCKS = YES;
				GCC_OPTIMIZATION_LEVEL = 0;
				GCC_PREPROCESSOR_DEFINITIONS = (
					"DEBUG=1",
					"$(inherited)",
				);
				GCC_WARN_64_TO_32_BIT_CONVERSION = YES;
				GCC_WARN_ABOUT_RETURN_TYPE = YES_ERROR;
				GCC_WARN_UNDECLARED_SELECTOR = YES;
				GCC_WARN_UNINITIALIZED_AUTOS = YES_AGGRESSIVE;
				GCC_WARN_UNUSED_FUNCTION = YES;
				GCC_WARN_UNUSED_VARIABLE = YES;
				IPHONEOS_DEPLOYMENT_TARGET = 18.0;
				LOCALIZATION_PREFERS_STRING_CATALOGS = YES;
				MTL_ENABLE_DEBUG_INFO = INCLUDE_SOURCE;
				MTL_FAST_MATH = YES;
				ONLY_ACTIVE_ARCH = YES;
				SDKROOT = iphoneos;
				SWIFT_ACTIVE_COMPILATION_CONDITIONS = "DEBUG $(inherited)";
				SWIFT_OPTIMIZATION_LEVEL = "-Onone";
			};
			name = Debug;
		};
		AFCA0A472D3420A1006E5F4C /* Release */ = {
			isa = XCBuildConfiguration;
			buildSettings = {
				ALWAYS_SEARCH_USER_PATHS = NO;
				ASSETCATALOG_COMPILER_GENERATE_SWIFT_ASSET_SYMBOL_EXTENSIONS = YES;
				CLANG_ANALYZER_NONNULL = YES;
				CLANG_ANALYZER_NUMBER_OBJECT_CONVERSION = YES_AGGRESSIVE;
				CLANG_CXX_LANGUAGE_STANDARD = "gnu++20";
				CLANG_ENABLE_MODULES = YES;
				CLANG_ENABLE_OBJC_ARC = YES;
				CLANG_ENABLE_OBJC_WEAK = YES;
				CLANG_WARN_BLOCK_CAPTURE_AUTORELEASING = YES;
				CLANG_WARN_BOOL_CONVERSION = YES;
				CLANG_WARN_COMMA = YES;
				CLANG_WARN_CONSTANT_CONVERSION = YES;
				CLANG_WARN_DEPRECATED_OBJC_IMPLEMENTATIONS = YES;
				CLANG_WARN_DIRECT_OBJC_ISA_USAGE = YES_ERROR;
				CLANG_WARN_DOCUMENTATION_COMMENTS = YES;
				CLANG_WARN_EMPTY_BODY = YES;
				CLANG_WARN_ENUM_CONVERSION = YES;
				CLANG_WARN_INFINITE_RECURSION = YES;
				CLANG_WARN_INT_CONVERSION = YES;
				CLANG_WARN_NON_LITERAL_NULL_CONVERSION = YES;
				CLANG_WARN_OBJC_IMPLICIT_RETAIN_SELF = YES;
				CLANG_WARN_OBJC_LITERAL_CONVERSION = YES;
				CLANG_WARN_OBJC_ROOT_CLASS = YES_ERROR;
				CLANG_WARN_QUOTED_INCLUDE_IN_FRAMEWORK_HEADER = YES;
				CLANG_WARN_RANGE_LOOP_ANALYSIS = YES;
				CLANG_WARN_STRICT_PROTOTYPES = YES;
				CLANG_WARN_SUSPICIOUS_MOVE = YES;
				CLANG_WARN_UNGUARDED_AVAILABILITY = YES_AGGRESSIVE;
				CLANG_WARN_UNREACHABLE_CODE = YES;
				CLANG_WARN__DUPLICATE_METHOD_MATCH = YES;
				COPY_PHASE_STRIP = NO;
				DEBUG_INFORMATION_FORMAT = "dwarf-with-dsym";
				ENABLE_NS_ASSERTIONS = NO;
				ENABLE_STRICT_OBJC_MSGSEND = YES;
				ENABLE_USER_SCRIPT_SANDBOXING = YES;
				GCC_C_LANGUAGE_STANDARD = gnu17;
				GCC_NO_COMMON_BLOCKS = YES;
				GCC_WARN_64_TO_32_BIT_CONVERSION = YES;
				GCC_WARN_ABOUT_RETURN_TYPE = YES_ERROR;
				GCC_WARN_UNDECLARED_SELECTOR = YES;
				GCC_WARN_UNINITIALIZED_AUTOS = YES_AGGRESSIVE;
				GCC_WARN_UNUSED_FUNCTION = YES;
				GCC_WARN_UNUSED_VARIABLE = YES;
				IPHONEOS_DEPLOYMENT_TARGET = 18.0;
				LOCALIZATION_PREFERS_STRING_CATALOGS = YES;
				MTL_ENABLE_DEBUG_INFO = NO;
				MTL_FAST_MATH = YES;
				SDKROOT = iphoneos;
				SWIFT_COMPILATION_MODE = wholemodule;
				VALIDATE_PRODUCT = YES;
			};
			name = Release;
		};
		AFCA0A492D3420A1006E5F4C /* Debug */ = {
			isa = XCBuildConfiguration;
			buildSettings = {
				ASSETCATALOG_COMPILER_APPICON_NAME = AppIcon;
				ASSETCATALOG_COMPILER_GLOBAL_ACCENT_COLOR_NAME = AccentColor;
				CODE_SIGN_STYLE = Automatic;
				CURRENT_PROJECT_VERSION = 1;
				DEVELOPMENT_ASSET_PATHS = "\"LottieAnimationsList(Project)/Preview Content\"";
				DEVELOPMENT_TEAM = 4UG443984D;
				ENABLE_PREVIEWS = YES;
				GENERATE_INFOPLIST_FILE = YES;
				INFOPLIST_KEY_UIApplicationSceneManifest_Generation = YES;
				INFOPLIST_KEY_UIApplicationSupportsIndirectInputEvents = YES;
				INFOPLIST_KEY_UILaunchScreen_Generation = YES;
				INFOPLIST_KEY_UISupportedInterfaceOrientations_iPad = "UIInterfaceOrientationPortrait UIInterfaceOrientationPortraitUpsideDown UIInterfaceOrientationLandscapeLeft UIInterfaceOrientationLandscapeRight";
				INFOPLIST_KEY_UISupportedInterfaceOrientations_iPhone = "UIInterfaceOrientationPortrait UIInterfaceOrientationLandscapeLeft UIInterfaceOrientationLandscapeRight";
				LD_RUNPATH_SEARCH_PATHS = (
					"$(inherited)",
					"@executable_path/Frameworks",
				);
				MARKETING_VERSION = 1.0;
				PRODUCT_BUNDLE_IDENTIFIER = "ca.thomaschao.LottieAnimationsList-Project-";
				PRODUCT_NAME = "$(TARGET_NAME)";
				SWIFT_EMIT_LOC_STRINGS = YES;
				SWIFT_VERSION = 5.0;
				TARGETED_DEVICE_FAMILY = "1,2";
			};
			name = Debug;
		};
		AFCA0A4A2D3420A1006E5F4C /* Release */ = {
			isa = XCBuildConfiguration;
			buildSettings = {
				ASSETCATALOG_COMPILER_APPICON_NAME = AppIcon;
				ASSETCATALOG_COMPILER_GLOBAL_ACCENT_COLOR_NAME = AccentColor;
				CODE_SIGN_STYLE = Automatic;
				CURRENT_PROJECT_VERSION = 1;
				DEVELOPMENT_ASSET_PATHS = "\"LottieAnimationsList(Project)/Preview Content\"";
				DEVELOPMENT_TEAM = 4UG443984D;
				ENABLE_PREVIEWS = YES;
				GENERATE_INFOPLIST_FILE = YES;
				INFOPLIST_KEY_UIApplicationSceneManifest_Generation = YES;
				INFOPLIST_KEY_UIApplicationSupportsIndirectInputEvents = YES;
				INFOPLIST_KEY_UILaunchScreen_Generation = YES;
				INFOPLIST_KEY_UISupportedInterfaceOrientations_iPad = "UIInterfaceOrientationPortrait UIInterfaceOrientationPortraitUpsideDown UIInterfaceOrientationLandscapeLeft UIInterfaceOrientationLandscapeRight";
				INFOPLIST_KEY_UISupportedInterfaceOrientations_iPhone = "UIInterfaceOrientationPortrait UIInterfaceOrientationLandscapeLeft UIInterfaceOrientationLandscapeRight";
				LD_RUNPATH_SEARCH_PATHS = (
					"$(inherited)",
					"@executable_path/Frameworks",
				);
				MARKETING_VERSION = 1.0;
				PRODUCT_BUNDLE_IDENTIFIER = "ca.thomaschao.LottieAnimationsList-Project-";
				PRODUCT_NAME = "$(TARGET_NAME)";
				SWIFT_EMIT_LOC_STRINGS = YES;
				SWIFT_VERSION = 5.0;
				TARGETED_DEVICE_FAMILY = "1,2";
			};
			name = Release;
		};
/* End XCBuildConfiguration section */

/* Begin XCConfigurationList section */
		AFCA0A352D34209D006E5F4C /* Build configuration list for PBXProject "LottieAnimationsList(Project)" */ = {
			isa = XCConfigurationList;
			buildConfigurations = (
				AFCA0A462D3420A1006E5F4C /* Debug */,
				AFCA0A472D3420A1006E5F4C /* Release */,
			);
			defaultConfigurationIsVisible = 0;
			defaultConfigurationName = Release;
		};
		AFCA0A482D3420A1006E5F4C /* Build configuration list for PBXNativeTarget "LottieAnimationsList(Project)" */ = {
			isa = XCConfigurationList;
			buildConfigurations = (
				AFCA0A492D3420A1006E5F4C /* Debug */,
				AFCA0A4A2D3420A1006E5F4C /* Release */,
			);
			defaultConfigurationIsVisible = 0;
			defaultConfigurationName = Release;
		};
/* End XCConfigurationList section */

/* Begin XCRemoteSwiftPackageReference section */
		AFCA0A6F2D342278006E5F4C /* XCRemoteSwiftPackageReference "lottie-ios" */ = {
			isa = XCRemoteSwiftPackageReference;
			repositoryURL = "https://github.com/airbnb/lottie-ios";
			requirement = {
				kind = upToNextMajorVersion;
				minimumVersion = 4.5.1;
			};
		};
/* End XCRemoteSwiftPackageReference section */

/* Begin XCSwiftPackageProductDependency section */
		AFCA0A702D342278006E5F4C /* Lottie */ = {
			isa = XCSwiftPackageProductDependency;
			package = AFCA0A6F2D342278006E5F4C /* XCRemoteSwiftPackageReference "lottie-ios" */;
			productName = Lottie;
		};
/* End XCSwiftPackageProductDependency section */
	};
	rootObject = AFCA0A322D34209D006E5F4C /* Project object */;
}
